
Microsoft Visual Studio Solution File, Format Version 12.00
# Visual Studio Version 16
VisualStudioVersion = 16.0.30907.101
MinimumVisualStudioVersion = 10.0.40219.1
Project("{FAE04EC0-301F-11D3-BF4B-00C04F79EFBC}") = "MichaelRiveraISM4300Deliverable7", "MichaelRiveraISM4300Deliverable7.csproj", "{22769422-83AD-44B2-AC6D-12375A401324}"
EndProject
Global
	GlobalSection(SolutionConfigurationPlatforms) = preSolution
		Debug|Any CPU = Debug|Any CPU
		Release|Any CPU = Release|Any CPU
	EndGlobalSection
	GlobalSection(ProjectConfigurationPlatforms) = postSolution
		{22769422-83AD-44B2-AC6D-12375A401324}.Debug|Any CPU.ActiveCfg = Debug|Any CPU
		{22769422-83AD-44B2-AC6D-12375A401324}.Debug|Any CPU.Build.0 = Debug|Any CPU
		{22769422-83AD-44B2-AC6D-12375A401324}.Release|Any CPU.ActiveCfg = Release|Any CPU
		{22769422-83AD-44B2-AC6D-12375A401324}.Release|Any CPU.Build.0 = Release|Any CPU
	EndGlobalSection
	GlobalSection(SolutionProperties) = preSolution
		HideSolutionNode = FALSE
	EndGlobalSection
	GlobalSection(ExtensibilityGlobals) = postSolution
		SolutionGuid = {00019F95-8DE6-4558-A867-BD066C712CFD}
	EndGlobalSection
EndGlobal
